
Microsoft Visual Studio Solution File, Format Version 12.00
# Visual Studio 15
VisualStudioVersion = 15.0.27004.2008
MinimumVisualStudioVersion = 10.0.40219.1
Project("{2150E333-8FDC-42A3-9474-1A3956D46DE8}") = "1 - Presentation", "1 - Presentation", "{8B722BB1-0A43-43AC-98F9-22E36F989348}"
EndProject
Project("{2150E333-8FDC-42A3-9474-1A3956D46DE8}") = "2 - Services", "2 - Services", "{0AB9FABB-73DA-4F17-A69F-CEAF03744E54}"
EndProject
Project("{2150E333-8FDC-42A3-9474-1A3956D46DE8}") = "4 - Domain", "4 - Domain", "{0CFD3C50-C883-4680-9166-A4616F2F26EB}"
EndProject
Project("{9A19103F-16F7-4668-BE54-9A1E7A4F7556}") = "TouchTypingGo.Domain", "src\TouchTypingGo.Domain\TouchTypingGo.Domain.csproj", "{FB84BF3B-20B7-43D7-8499-A908DDACC636}"
EndProject
Project("{9A19103F-16F7-4668-BE54-9A1E7A4F7556}") = "TouchTypingGo.Domain.Core", "src\TouchTypingGo.Domain.Core\TouchTypingGo.Domain.Core.csproj", "{0A167446-574B-4BB5-821F-48FBD41B1F60}"
EndProject
Project("{2150E333-8FDC-42A3-9474-1A3956D46DE8}") = "5 - Infra", "5 - Infra", "{33DC379C-5577-4BF1-A368-DF4813AE207F}"
EndProject
Project("{2150E333-8FDC-42A3-9474-1A3956D46DE8}") = "5.1 - Data", "5.1 - Data", "{A36E8390-6005-4859-A82F-963501547376}"
EndProject
Project("{2150E333-8FDC-42A3-9474-1A3956D46DE8}") = "5.2 - CrossCutting", "5.2 - CrossCutting", "{380DB3AC-72B2-45D4-8D87-9F8510940D96}"
EndProject
Project("{9A19103F-16F7-4668-BE54-9A1E7A4F7556}") = "TouchTypingGo.Infra.Data", "src\TouchTypingGo.Infra.Data\TouchTypingGo.Infra.Data.csproj", "{D2433E8A-E0DA-403E-A805-BCDE261A020E}"
EndProject
Project("{2150E333-8FDC-42A3-9474-1A3956D46DE8}") = "3 - Application", "3 - Application", "{E5305153-4571-4C0A-9289-6CEC2FE08AAA}"
EndProject
Project("{9A19103F-16F7-4668-BE54-9A1E7A4F7556}") = "TouchTypingGo.Application", "src\TouchTypingGo.Application\TouchTypingGo.Application.csproj", "{458A323C-D765-4038-A07C-0F5DA66E8A41}"
EndProject
Project("{9A19103F-16F7-4668-BE54-9A1E7A4F7556}") = "TouchTypingGo.Site", "src\TouchTypingGo.Site\TouchTypingGo.Site.csproj", "{9C7F2873-5332-4F17-81D3-CF0D3FFB44ED}"
EndProject
Project("{9A19103F-16F7-4668-BE54-9A1E7A4F7556}") = "TouchTypingGo.Infra.CrossCutting.IoC", "src\TouchTypingGo.Infra.CrossCutting.IoC\TouchTypingGo.Infra.CrossCutting.IoC.csproj", "{79FF805E-B37E-4653-9E9F-9FC1B1E6D78B}"
EndProject
Project("{9A19103F-16F7-4668-BE54-9A1E7A4F7556}") = "TouchTypingGo.Infra.CrossCutting.Bus", "src\TouchTypingGo.Infra.CrossCutting.Bus\TouchTypingGo.Infra.CrossCutting.Bus.csproj", "{E87A2757-84BC-431C-A6A9-502115FA79C7}"
EndProject
Project("{9A19103F-16F7-4668-BE54-9A1E7A4F7556}") = "TouchTypingGo.Infra.CrossCutting.Identity", "src\TouchTypingGo.Infra.CrossCutting.Identity\TouchTypingGo.Infra.CrossCutting.Identity.csproj", "{194C1A05-1860-41D3-8D3E-E2364EAFCE54}"
EndProject
Project("{FAE04EC0-301F-11D3-BF4B-00C04F79EFBC}") = "TouchTypingGo.Infra.CrossCutting.CookieManager", "src\TouchTypingGo.Infra.CrossCutting.CookieManager\TouchTypingGo.Infra.CrossCutting.CookieManager.csproj", "{27D23E18-020D-4975-8C2D-53CFC8D3E9A9}"
EndProject
Global
	GlobalSection(SolutionConfigurationPlatforms) = preSolution
		Debug|Any CPU = Debug|Any CPU
		Release|Any CPU = Release|Any CPU
	EndGlobalSection
	GlobalSection(ProjectConfigurationPlatforms) = postSolution
		{FB84BF3B-20B7-43D7-8499-A908DDACC636}.Debug|Any CPU.ActiveCfg = Debug|Any CPU
		{FB84BF3B-20B7-43D7-8499-A908DDACC636}.Debug|Any CPU.Build.0 = Debug|Any CPU
		{FB84BF3B-20B7-43D7-8499-A908DDACC636}.Release|Any CPU.ActiveCfg = Release|Any CPU
		{FB84BF3B-20B7-43D7-8499-A908DDACC636}.Release|Any CPU.Build.0 = Release|Any CPU
		{0A167446-574B-4BB5-821F-48FBD41B1F60}.Debug|Any CPU.ActiveCfg = Debug|Any CPU
		{0A167446-574B-4BB5-821F-48FBD41B1F60}.Debug|Any CPU.Build.0 = Debug|Any CPU
		{0A167446-574B-4BB5-821F-48FBD41B1F60}.Release|Any CPU.ActiveCfg = Release|Any CPU
		{0A167446-574B-4BB5-821F-48FBD41B1F60}.Release|Any CPU.Build.0 = Release|Any CPU
		{D2433E8A-E0DA-403E-A805-BCDE261A020E}.Debug|Any CPU.ActiveCfg = Debug|Any CPU
		{D2433E8A-E0DA-403E-A805-BCDE261A020E}.Debug|Any CPU.Build.0 = Debug|Any CPU
		{D2433E8A-E0DA-403E-A805-BCDE261A020E}.Release|Any CPU.ActiveCfg = Release|Any CPU
		{D2433E8A-E0DA-403E-A805-BCDE261A020E}.Release|Any CPU.Build.0 = Release|Any CPU
		{458A323C-D765-4038-A07C-0F5DA66E8A41}.Debug|Any CPU.ActiveCfg = Debug|Any CPU
		{458A323C-D765-4038-A07C-0F5DA66E8A41}.Debug|Any CPU.Build.0 = Debug|Any CPU
		{458A323C-D765-4038-A07C-0F5DA66E8A41}.Release|Any CPU.ActiveCfg = Release|Any CPU
		{458A323C-D765-4038-A07C-0F5DA66E8A41}.Release|Any CPU.Build.0 = Release|Any CPU
		{9C7F2873-5332-4F17-81D3-CF0D3FFB44ED}.Debug|Any CPU.ActiveCfg = Debug|Any CPU
		{9C7F2873-5332-4F17-81D3-CF0D3FFB44ED}.Debug|Any CPU.Build.0 = Debug|Any CPU
		{9C7F2873-5332-4F17-81D3-CF0D3FFB44ED}.Release|Any CPU.ActiveCfg = Release|Any CPU
		{9C7F2873-5332-4F17-81D3-CF0D3FFB44ED}.Release|Any CPU.Build.0 = Release|Any CPU
		{79FF805E-B37E-4653-9E9F-9FC1B1E6D78B}.Debug|Any CPU.ActiveCfg = Debug|Any CPU
		{79FF805E-B37E-4653-9E9F-9FC1B1E6D78B}.Debug|Any CPU.Build.0 = Debug|Any CPU
		{79FF805E-B37E-4653-9E9F-9FC1B1E6D78B}.Release|Any CPU.ActiveCfg = Release|Any CPU
		{79FF805E-B37E-4653-9E9F-9FC1B1E6D78B}.Release|Any CPU.Build.0 = Release|Any CPU
		{E87A2757-84BC-431C-A6A9-502115FA79C7}.Debug|Any CPU.ActiveCfg = Debug|Any CPU
		{E87A2757-84BC-431C-A6A9-502115FA79C7}.Debug|Any CPU.Build.0 = Debug|Any CPU
		{E87A2757-84BC-431C-A6A9-502115FA79C7}.Release|Any CPU.ActiveCfg = Release|Any CPU
		{E87A2757-84BC-431C-A6A9-502115FA79C7}.Release|Any CPU.Build.0 = Release|Any CPU
		{194C1A05-1860-41D3-8D3E-E2364EAFCE54}.Debug|Any CPU.ActiveCfg = Debug|Any CPU
		{194C1A05-1860-41D3-8D3E-E2364EAFCE54}.Debug|Any CPU.Build.0 = Debug|Any CPU
		{194C1A05-1860-41D3-8D3E-E2364EAFCE54}.Release|Any CPU.ActiveCfg = Release|Any CPU
		{194C1A05-1860-41D3-8D3E-E2364EAFCE54}.Release|Any CPU.Build.0 = Release|Any CPU
		{27D23E18-020D-4975-8C2D-53CFC8D3E9A9}.Debug|Any CPU.ActiveCfg = Debug|Any CPU
		{27D23E18-020D-4975-8C2D-53CFC8D3E9A9}.Debug|Any CPU.Build.0 = Debug|Any CPU
		{27D23E18-020D-4975-8C2D-53CFC8D3E9A9}.Release|Any CPU.ActiveCfg = Release|Any CPU
		{27D23E18-020D-4975-8C2D-53CFC8D3E9A9}.Release|Any CPU.Build.0 = Release|Any CPU
	EndGlobalSection
	GlobalSection(SolutionProperties) = preSolution
		HideSolutionNode = FALSE
	EndGlobalSection
	GlobalSection(NestedProjects) = preSolution
		{FB84BF3B-20B7-43D7-8499-A908DDACC636} = {0CFD3C50-C883-4680-9166-A4616F2F26EB}
		{0A167446-574B-4BB5-821F-48FBD41B1F60} = {0CFD3C50-C883-4680-9166-A4616F2F26EB}
		{A36E8390-6005-4859-A82F-963501547376} = {33DC379C-5577-4BF1-A368-DF4813AE207F}
		{380DB3AC-72B2-45D4-8D87-9F8510940D96} = {33DC379C-5577-4BF1-A368-DF4813AE207F}
		{D2433E8A-E0DA-403E-A805-BCDE261A020E} = {A36E8390-6005-4859-A82F-963501547376}
		{458A323C-D765-4038-A07C-0F5DA66E8A41} = {E5305153-4571-4C0A-9289-6CEC2FE08AAA}
		{9C7F2873-5332-4F17-81D3-CF0D3FFB44ED} = {8B722BB1-0A43-43AC-98F9-22E36F989348}
		{79FF805E-B37E-4653-9E9F-9FC1B1E6D78B} = {380DB3AC-72B2-45D4-8D87-9F8510940D96}
		{E87A2757-84BC-431C-A6A9-502115FA79C7} = {380DB3AC-72B2-45D4-8D87-9F8510940D96}
		{194C1A05-1860-41D3-8D3E-E2364EAFCE54} = {380DB3AC-72B2-45D4-8D87-9F8510940D96}
		{27D23E18-020D-4975-8C2D-53CFC8D3E9A9} = {380DB3AC-72B2-45D4-8D87-9F8510940D96}
	EndGlobalSection
	GlobalSection(ExtensibilityGlobals) = postSolution
		SolutionGuid = {749449B9-D054-4FA6-B48B-2321A70FD61E}
	EndGlobalSection
EndGlobal
